
Microsoft Visual Studio Solution File, Format Version 12.00
# Visual Studio Version 17
VisualStudioVersion = 17.2.32526.322
MinimumVisualStudioVersion = 10.0.40219.1
Project("{8BC9CEB8-8B4A-11D0-8D11-00A0C91BC942}") = "Password Manager", "Password Manager.vcxproj", "{6F342ABF-1501-43DA-9BAB-5FAB1EC22E39}"
EndProject
Project("{2150E333-8FDC-42A3-9474-1A3956D46DE8}") = "Solution Items", "Solution Items", "{BC0E4845-5346-45E9-9622-3D820EF27224}"
	ProjectSection(SolutionItems) = preProject
		info.txt = info.txt
	EndProjectSection
EndProject
Global
	GlobalSection(SolutionConfigurationPlatforms) = preSolution
		Debug|x64 = Debug|x64
		Debug|x86 = Debug|x86
		Release|x64 = Release|x64
		Release|x86 = Release|x86
	EndGlobalSection
	GlobalSection(ProjectConfigurationPlatforms) = postSolution
		{6F342ABF-1501-43DA-9BAB-5FAB1EC22E39}.Debug|x64.ActiveCfg = Debug|x64
		{6F342ABF-1501-43DA-9BAB-5FAB1EC22E39}.Debug|x64.Build.0 = Debug|x64
		{6F342ABF-1501-43DA-9BAB-5FAB1EC22E39}.Debug|x86.ActiveCfg = Debug|Win32
		{6F342ABF-1501-43DA-9BAB-5FAB1EC22E39}.Debug|x86.Build.0 = Debug|Win32
		{6F342ABF-1501-43DA-9BAB-5FAB1EC22E39}.Release|x64.ActiveCfg = Release|x64
		{6F342ABF-1501-43DA-9BAB-5FAB1EC22E39}.Release|x64.Build.0 = Release|x64
		{6F342ABF-1501-43DA-9BAB-5FAB1EC22E39}.Release|x86.ActiveCfg = Release|Win32
		{6F342ABF-1501-43DA-9BAB-5FAB1EC22E39}.Release|x86.Build.0 = Release|Win32
	EndGlobalSection
	GlobalSection(SolutionProperties) = preSolution
		HideSolutionNode = FALSE
	EndGlobalSection
	GlobalSection(ExtensibilityGlobals) = postSolution
		SolutionGuid = {A8DABAE3-7360-4238-B387-AF1178D1989B}
	EndGlobalSection
EndGlobal
